{
  "name": "demos",
  "lockfileVersion": 3,
  "requires": true,
  "packages": {
    "node_modules/@envelop/core": {
      "version": "5.5.0",
      "resolved": "https://registry.npmjs.org/@envelop/core/-/core-5.5.0.tgz",
      "integrity": "sha512-nsU1EyJQAStaKHR1ZkB/ug9XBm+WPTliYtdedbJ/L1ykrp7dbbn0srqBeDnZ2mbZVp4hH3d0Fy+Og9OgPWZx+g==",
      "license": "MIT",
      "optional": true,
      "dependencies": {
        "@envelop/instrumentation": "^1.0.0",
        "@envelop/types": "^5.2.1",
        "@whatwg-node/promise-helpers": "^1.2.4",
        "tslib": "^2.5.0"
      },
      "engines": {
        "node": ">=18.0.0"
      }
    },
    "node_modules/@envelop/instrumentation": {
      "version": "1.0.0",
      "resolved": "https://registry.npmjs.org/@envelop/instrumentation/-/instrumentation-1.0.0.tgz",
      "integrity": "sha512-cxgkB66RQB95H3X27jlnxCRNTmPuSTgmBAq6/4n2Dtv4hsk4yz8FadA1ggmd0uZzvKqWD6CR+WFgTjhDqg7eyw==",
      "license": "MIT",
      "optional": true,
      "dependencies": {
        "@whatwg-node/promise-helpers": "^1.2.1",
        "tslib": "^2.5.0"
      },
      "engines": {
        "node": ">=18.0.0"
      }
    },
    "node_modules/@envelop/types": {
      "version": "5.2.1",
      "resolved": "https://registry.npmjs.org/@envelop/types/-/types-5.2.1.tgz",
      "integrity": "sha512-CsFmA3u3c2QoLDTfEpGr4t25fjMU31nyvse7IzWTvb0ZycuPjMjb0fjlheh+PbhBYb9YLugnT2uY6Mwcg1o+Zg==",
      "license": "MIT",
      "optional": true,
      "dependencies": {
        "@whatwg-node/promise-helpers": "^1.0.0",
        "tslib": "^2.5.0"
      },
      "engines": {
        "node": ">=18.0.0"
      }
    },
    "node_modules/@escape.tech/graphql-armor": {
      "version": "3.2.0",
      "resolved": "https://registry.npmjs.org/@escape.tech/graphql-armor/-/graphql-armor-3.2.0.tgz",
      "integrity": "sha512-0tG2YOIPiDg2Oe7uEqkYl808VK9OKRyXx4NBa3w+N9XV6NaQ4XxGkDJMtps0lx5DANe10d6nbf6Ml2Z6vekPwA==",
      "license": "MIT",
      "dependencies": {
        "@escape.tech/graphql-armor-block-field-suggestions": "3.0.1",
        "@escape.tech/graphql-armor-cost-limit": "2.4.3",
        "@escape.tech/graphql-armor-max-aliases": "2.6.2",
        "@escape.tech/graphql-armor-max-depth": "2.4.2",
        "@escape.tech/graphql-armor-max-directives": "2.3.1",
        "@escape.tech/graphql-armor-max-tokens": "2.5.1",
        "graphql": "^16.10.0"
      },
      "engines": {
        "node": ">=18.0.0"
      },
      "peerDependencies": {
        "@apollo/server": "^4.0.0 || ^5.0.0",
        "@envelop/core": "^5.0.0",
        "@escape.tech/graphql-armor-types": "0.7.0"
      },
      "peerDependenciesMeta": {
        "@apollo/server": {
          "optional": true
        },
        "@envelop/core": {
          "optional": true
        },
        "@escape.tech/graphql-armor-types": {
          "optional": true
        }
      }
    },
    "node_modules/@escape.tech/graphql-armor-block-field-suggestions": {
      "version": "3.0.1",
      "resolved": "https://registry.npmjs.org/@escape.tech/graphql-armor-block-field-suggestions/-/graphql-armor-block-field-suggestions-3.0.1.tgz",
      "integrity": "sha512-pZ+5aFgGW/pUul7nDOZ3PoeWAd9kLDspQ0R+fpz2aTjdIT0yI+f+ZbAGeTVmr5RypRDwjwokG/HjWoxTYTcRwQ==",
      "license": "MIT",
      "dependencies": {
        "graphql": "^16.10.0"
      },
      "engines": {
        "node": ">=18.0.0"
      },
      "optionalDependencies": {
        "@envelop/core": "^5.2.3"
      }
    },
    "node_modules/@escape.tech/graphql-armor-cost-limit": {
      "version": "2.4.3",
      "resolved": "https://registry.npmjs.org/@escape.tech/graphql-armor-cost-limit/-/graphql-armor-cost-limit-2.4.3.tgz",
      "integrity": "sha512-fLZTlJjrjinpNhbv5VP6f8Ce4MiQzbcHtCNaCPVaHqArTEbN7vDnlVLiH+VcmZBmOwU6Si97lKdlOXWNgB5ytw==",
      "license": "MIT",
      "dependencies": {
        "graphql": "^16.10.0"
      },
      "engines": {
        "node": ">=18.0.0"
      },
      "optionalDependencies": {
        "@envelop/core": "^5.2.3",
        "@escape.tech/graphql-armor-types": "0.7.0"
      }
    },
    "node_modules/@escape.tech/graphql-armor-max-aliases": {
      "version": "2.6.2",
      "resolved": "https://registry.npmjs.org/@escape.tech/graphql-armor-max-aliases/-/graphql-armor-max-aliases-2.6.2.tgz",
      "integrity": "sha512-SDk7pAzY6gutsdZ3NlyY55RrytrCPxJJxSN/DBfIGKphTrfBvKQWTnioQ9OlLP9kPjCE6XM5UWwGt7uqbpKSYA==",
      "license": "MIT",
      "dependencies": {
        "graphql": "^16.10.0"
      },
      "engines": {
        "node": ">=18.0.0"
      },
      "optionalDependencies": {
        "@envelop/core": "^5.2.3",
        "@escape.tech/graphql-armor-types": "0.7.0"
      }
    },
    "node_modules/@escape.tech/graphql-armor-max-depth": {
      "version": "2.4.2",
      "resolved": "https://registry.npmjs.org/@escape.tech/graphql-armor-max-depth/-/graphql-armor-max-depth-2.4.2.tgz",
      "integrity": "sha512-J9fbW1+W4u3GAcf19wwS0zrNGICCbWn/glvopCoC11Ga0reXvGwgr8EcyuHjTFLL7+pPvWAeVhP4qo6hybcB9w==",
      "license": "MIT",
      "dependencies": {
        "graphql": "^16.10.0"
      },
      "engines": {
        "node": ">=18.0.0"
      },
      "optionalDependencies": {
        "@envelop/core": "^5.2.3",
        "@escape.tech/graphql-armor-types": "0.7.0"
      }
    },
    "node_modules/@escape.tech/graphql-armor-max-directives": {
      "version": "2.3.1",
      "resolved": "https://registry.npmjs.org/@escape.tech/graphql-armor-max-directives/-/graphql-armor-max-directives-2.3.1.tgz",
      "integrity": "sha512-YieT/NrTgZdLu3hzWfCgpmUKO1o/7Im9C4TI0e4O85Wa+zLit/DzHO4ZCIY//w8nkBf1KStkA1pD/v0daEfY5Q==",
      "license": "MIT",
      "dependencies": {
        "graphql": "^16.10.0"
      },
      "engines": {
        "node": ">=18.0.0"
      },
      "optionalDependencies": {
        "@envelop/core": "^5.2.3",
        "@escape.tech/graphql-armor-types": "0.7.0"
      }
    },
    "node_modules/@escape.tech/graphql-armor-max-tokens": {
      "version": "2.5.1",
      "resolved": "https://registry.npmjs.org/@escape.tech/graphql-armor-max-tokens/-/graphql-armor-max-tokens-2.5.1.tgz",
      "integrity": "sha512-XHui2npOz7Jn8shBZqfyeocWhdl0pUbKiaWmvbF+5rvNoRIGMgwMtaVhmf9ia8oGGbd+cx5EYo1v+oKHzIm79w==",
      "license": "MIT",
      "dependencies": {
        "graphql": "^16.10.0"
      },
      "engines": {
        "node": ">=18.0.0"
      },
      "optionalDependencies": {
        "@envelop/core": "^5.2.3",
        "@escape.tech/graphql-armor-types": "0.7.0"
      }
    },
    "node_modules/@escape.tech/graphql-armor-types": {
      "version": "0.7.0",
      "resolved": "https://registry.npmjs.org/@escape.tech/graphql-armor-types/-/graphql-armor-types-0.7.0.tgz",
      "integrity": "sha512-RHxyyp6PDgS6NAPnnmB6JdmUJ6oqhpSHFbsglGWeCcnNzceA5AkQFpir7VIDbVyS8LNC1xhipOtk7f9ycrIemQ==",
      "license": "MIT",
      "optional": true,
      "dependencies": {
        "graphql": "^16.0.0"
      }
    },
    "node_modules/@whatwg-node/promise-helpers": {
      "version": "1.3.2",
      "resolved": "https://registry.npmjs.org/@whatwg-node/promise-helpers/-/promise-helpers-1.3.2.tgz",
      "integrity": "sha512-Nst5JdK47VIl9UcGwtv2Rcgyn5lWtZ0/mhRQ4G8NN2isxpq2TO30iqHzmwoJycjWuyUfg3GFXqP/gFHXeV57IA==",
      "license": "MIT",
      "optional": true,
      "dependencies": {
        "tslib": "^2.6.3"
      },
      "engines": {
        "node": ">=16.0.0"
      }
    },
    "node_modules/graphql": {
      "version": "16.12.0",
      "resolved": "https://registry.npmjs.org/graphql/-/graphql-16.12.0.tgz",
      "integrity": "sha512-DKKrynuQRne0PNpEbzuEdHlYOMksHSUI8Zc9Unei5gTsMNA2/vMpoMz/yKba50pejK56qj98qM0SjYxAKi13gQ==",
      "license": "MIT",
      "engines": {
        "node": "^12.22.0 || ^14.16.0 || ^16.0.0 || >=17.0.0"
      }
    },
    "node_modules/tslib": {
      "version": "2.8.1",
      "resolved": "https://registry.npmjs.org/tslib/-/tslib-2.8.1.tgz",
      "integrity": "sha512-oJFu94HQb+KVduSUQL7wnpmqnfmLsOA/nAh6b6EH0wCEoK0/mPeXU6c3wKDV83MkOuHPRHtSXKKU99IBazS/2w==",
      "license": "0BSD",
      "optional": true
    }
  }
}
